
Microsoft Visual Studio Solution File, Format Version 12.00
# Visual Studio Version 17
VisualStudioVersion = 17.14.36221.1
MinimumVisualStudioVersion = 10.0.40219.1
Project("{FAE04EC0-301F-11D3-BF4B-00C04F79EFBC}") = "LanguageQuickSelect", "LanguageQuickSelect.csproj", "{EB3361A2-6C47-4BA5-B92F-2F1EF2666988}"
EndProject
Global
	GlobalSection(SolutionConfigurationPlatforms) = preSolution
		Debug|Any CPU = Debug|Any CPU
		Debug|x64 = Debug|x64
		Release|Any CPU = Release|Any CPU
		Release|x64 = Release|x64
	EndGlobalSection
	GlobalSection(ProjectConfigurationPlatforms) = postSolution
		{EB3361A2-6C47-4BA5-B92F-2F1EF2666988}.Debug|Any CPU.ActiveCfg = Debug|Any CPU
		{EB3361A2-6C47-4BA5-B92F-2F1EF2666988}.Debug|Any CPU.Build.0 = Debug|Any CPU
		{EB3361A2-6C47-4BA5-B92F-2F1EF2666988}.Debug|x64.ActiveCfg = Debug|x64
		{EB3361A2-6C47-4BA5-B92F-2F1EF2666988}.Debug|x64.Build.0 = Debug|x64
		{EB3361A2-6C47-4BA5-B92F-2F1EF2666988}.Release|Any CPU.ActiveCfg = Release|Any CPU
		{EB3361A2-6C47-4BA5-B92F-2F1EF2666988}.Release|Any CPU.Build.0 = Release|Any CPU
		{EB3361A2-6C47-4BA5-B92F-2F1EF2666988}.Release|x64.ActiveCfg = Release|x64
		{EB3361A2-6C47-4BA5-B92F-2F1EF2666988}.Release|x64.Build.0 = Release|x64
	EndGlobalSection
	GlobalSection(SolutionProperties) = preSolution
		HideSolutionNode = FALSE
	EndGlobalSection
	GlobalSection(ExtensibilityGlobals) = postSolution
		SolutionGuid = {15E92A49-CB37-49AF-B81F-C693B0D014AE}
	EndGlobalSection
EndGlobal
